// !$*UTF8*$!
{
	archiveVersion = 1;
	classes = {
	};
	objectVersion = 77;
	objects = {

/* Begin PBXContainerItemProxy section */
		B59F48BA2E7E9AAC00DA0324 /* PBXContainerItemProxy */ = {
			isa = PBXContainerItemProxy;
			containerPortal = B59F48A42E7E9AAB00DA0324 /* Project object */;
			proxyType = 1;
			remoteGlobalIDString = B59F48AB2E7E9AAB00DA0324;
			remoteInfo = yolo_distance;
		};
		B59F48C42E7E9AAC00DA0324 /* PBXContainerItemProxy */ = {
			isa = PBXContainerItemProxy;
			containerPortal = B59F48A42E7E9AAB00DA0324 /* Project object */;
			proxyType = 1;
			remoteGlobalIDString = B59F48AB2E7E9AAB00DA0324;
			remoteInfo = yolo_distance;
		};
/* End PBXContainerItemProxy section */

/* Begin PBXFileReference section */
		B59F48AC2E7E9AAB00DA0324 /* yolo_distance.app */ = {isa = PBXFileReference; explicitFileType = wrapper.application; includeInIndex = 0; path = yolo_distance.app; sourceTree = BUILT_PRODUCTS_DIR; };
		B59F48B92E7E9AAC00DA0324 /* yolo_distanceTests.xctest */ = {isa = PBXFileReference; explicitFileType = wrapper.cfbundle; includeInIndex = 0; path = yolo_distanceTests.xctest; sourceTree = BUILT_PRODUCTS_DIR; };
		B59F48C32E7E9AAC00DA0324 /* yolo_distanceUITests.xctest */ = {isa = PBXFileReference; explicitFileType = wrapper.cfbundle; includeInIndex = 0; path = yolo_distanceUITests.xctest; sourceTree = BUILT_PRODUCTS_DIR; };
/* End PBXFileReference section */

/* Begin PBXFileSystemSynchronizedRootGroup section */
		B59F48AE2E7E9AAB00DA0324 /* yolo_distance */ = {
			isa = PBXFileSystemSynchronizedRootGroup;
			path = yolo_distance;
			sourceTree = "<group>";
		};
		B59F48BC2E7E9AAC00DA0324 /* yolo_distanceTests */ = {
			isa = PBXFileSystemSynchronizedRootGroup;
			path = yolo_distanceTests;
			sourceTree = "<group>";
		};
		B59F48C62E7E9AAC00DA0324 /* yolo_distanceUITests */ = {
			isa = PBXFileSystemSynchronizedRootGroup;
			path = yolo_distanceUITests;
			sourceTree = "<group>";
		};
/* End PBXFileSystemSynchronizedRootGroup section */

/* Begin PBXFrameworksBuildPhase section */
		B59F48A92E7E9AAB00DA0324 /* Frameworks */ = {
			isa = PBXFrameworksBuildPhase;
			buildActionMask = 2147483647;
			files = (
			);
			runOnlyForDeploymentPostprocessing = 0;
		};
		B59F48B62E7E9AAC00DA0324 /* Frameworks */ = {
			isa = PBXFrameworksBuildPhase;
			buildActionMask = 2147483647;
			files = (
			);
			runOnlyForDeploymentPostprocessing = 0;
		};
		B59F48C02E7E9AAC00DA0324 /* Frameworks */ = {
			isa = PBXFrameworksBuildPhase;
			buildActionMask = 2147483647;
			files = (
			);
			runOnlyForDeploymentPostprocessing = 0;
		};
/* End PBXFrameworksBuildPhase section */

/* Begin PBXGroup section */
		B59F48A32E7E9AAB00DA0324 = {
			isa = PBXGroup;
			children = (
				B59F48AE2E7E9AAB00DA0324 /* yolo_distance */,
				B59F48BC2E7E9AAC00DA0324 /* yolo_distanceTests */,
				B59F48C62E7E9AAC00DA0324 /* yolo_distanceUITests */,
				B59F48AD2E7E9AAB00DA0324 /* Products */,
			);
			sourceTree = "<group>";
		};
		B59F48AD2E7E9AAB00DA0324 /* Products */ = {
			isa = PBXGroup;
			children = (
				B59F48AC2E7E9AAB00DA0324 /* yolo_distance.app */,
				B59F48B92E7E9AAC00DA0324 /* yolo_distanceTests.xctest */,
				B59F48C32E7E9AAC00DA0324 /* yolo_distanceUITests.xctest */,
			);
			name = Products;
			sourceTree = "<group>";
		};
/* End PBXGroup section */

/* Begin PBXNativeTarget section */
		B59F48AB2E7E9AAB00DA0324 /* yolo_distance */ = {
			isa = PBXNativeTarget;
			buildConfigurationList = B59F48CD2E7E9AAC00DA0324 /* Build configuration list for PBXNativeTarget "yolo_distance" */;
			buildPhases = (
				B59F48A82E7E9AAB00DA0324 /* Sources */,
				B59F48A92E7E9AAB00DA0324 /* Frameworks */,
				B59F48AA2E7E9AAB00DA0324 /* Resources */,
			);
			buildRules = (
			);
			dependencies = (
			);
			fileSystemSynchronizedGroups = (
				B59F48AE2E7E9AAB00DA0324 /* yolo_distance */,
			);
			name = yolo_distance;
			packageProductDependencies = (
			);
			productName = yolo_distance;
			productReference = B59F48AC2E7E9AAB00DA0324 /* yolo_distance.app */;
			productType = "com.apple.product-type.application";
		};
		B59F48B82E7E9AAC00DA0324 /* yolo_distanceTests */ = {
			isa = PBXNativeTarget;
			buildConfigurationList = B59F48D02E7E9AAC00DA0324 /* Build configuration list for PBXNativeTarget "yolo_distanceTests" */;
			buildPhases = (
				B59F48B52E7E9AAC00DA0324 /* Sources */,
				B59F48B62E7E9AAC00DA0324 /* Frameworks */,
				B59F48B72E7E9AAC00DA0324 /* Resources */,
			);
			buildRules = (
			);
			dependencies = (
				B59F48BB2E7E9AAC00DA0324 /* PBXTargetDependency */,
			);
			fileSystemSynchronizedGroups = (
				B59F48BC2E7E9AAC00DA0324 /* yolo_distanceTests */,
			);
			name = yolo_distanceTests;
			packageProductDependencies = (
			);
			productName = yolo_distanceTests;
			productReference = B59F48B92E7E9AAC00DA0324 /* yolo_distanceTests.xctest */;
			productType = "com.apple.product-type.bundle.unit-test";
		};
		B59F48C22E7E9AAC00DA0324 /* yolo_distanceUITests */ = {
			isa = PBXNativeTarget;
			buildConfigurationList = B59F48D32E7E9AAC00DA0324 /* Build configuration list for PBXNativeTarget "yolo_distanceUITests" */;
			buildPhases = (
				B59F48BF2E7E9AAC00DA0324 /* Sources */,
				B59F48C02E7E9AAC00DA0324 /* Frameworks */,
				B59F48C12E7E9AAC00DA0324 /* Resources */,
			);
			buildRules = (
			);
			dependencies = (
				B59F48C52E7E9AAC00DA0324 /* PBXTargetDependency */,
			);
			fileSystemSynchronizedGroups = (
				B59F48C62E7E9AAC00DA0324 /* yolo_distanceUITests */,
			);
			name = yolo_distanceUITests;
			packageProductDependencies = (
			);
			productName = yolo_distanceUITests;
			productReference = B59F48C32E7E9AAC00DA0324 /* yolo_distanceUITests.xctest */;
			productType = "com.apple.product-type.bundle.ui-testing";
		};
/* End PBXNativeTarget section */

/* Begin PBXProject section */
		B59F48A42E7E9AAB00DA0324 /* Project object */ = {
			isa = PBXProject;
			attributes = {
				BuildIndependentTargetsInParallel = 1;
				LastSwiftUpdateCheck = 1640;
				LastUpgradeCheck = 1640;
				TargetAttributes = {
					B59F48AB2E7E9AAB00DA0324 = {
						CreatedOnToolsVersion = 16.4;
					};
					B59F48B82E7E9AAC00DA0324 = {
						CreatedOnToolsVersion = 16.4;
						TestTargetID = B59F48AB2E7E9AAB00DA0324;
					};
					B59F48C22E7E9AAC00DA0324 = {
						CreatedOnToolsVersion = 16.4;
						TestTargetID = B59F48AB2E7E9AAB00DA0324;
					};
				};
			};
			buildConfigurationList = B59F48A72E7E9AAB00DA0324 /* Build configuration list for PBXProject "yolo_distance" */;
			developmentRegion = en;
			hasScannedForEncodings = 0;
			knownRegions = (
				en,
				Base,
			);
			mainGroup = B59F48A32E7E9AAB00DA0324;
			minimizedProjectReferenceProxies = 1;
			preferredProjectObjectVersion = 77;
			productRefGroup = B59F48AD2E7E9AAB00DA0324 /* Products */;
			projectDirPath = "";
			projectRoot = "";
			targets = (
				B59F48AB2E7E9AAB00DA0324 /* yolo_distance */,
				B59F48B82E7E9AAC00DA0324 /* yolo_distanceTests */,
				B59F48C22E7E9AAC00DA0324 /* yolo_distanceUITests */,
			);
		};
/* End PBXProject section */

/* Begin PBXResourcesBuildPhase section */
		B59F48AA2E7E9AAB00DA0324 /* Resources */ = {
			isa = PBXResourcesBuildPhase;
			buildActionMask = 2147483647;
			files = (
			);
			runOnlyForDeploymentPostprocessing = 0;
		};
		B59F48B72E7E9AAC00DA0324 /* Resources */ = {
			isa = PBXResourcesBuildPhase;
			buildActionMask = 2147483647;
			files = (
			);
			runOnlyForDeploymentPostprocessing = 0;
		};
		B59F48C12E7E9AAC00DA0324 /* Resources */ = {
			isa = PBXResourcesBuildPhase;
			buildActionMask = 2147483647;
			files = (
			);
			runOnlyForDeploymentPostprocessing = 0;
		};
/* End PBXResourcesBuildPhase section */

/* Begin PBXSourcesBuildPhase section */
		B59F48A82E7E9AAB00DA0324 /* Sources */ = {
			isa = PBXSourcesBuildPhase;
			buildActionMask = 2147483647;
			files = (
			);
			runOnlyForDeploymentPostprocessing = 0;
		};
		B59F48B52E7E9AAC00DA0324 /* Sources */ = {
			isa = PBXSourcesBuildPhase;
			buildActionMask = 2147483647;
			files = (
			);
			runOnlyForDeploymentPostprocessing = 0;
		};
		B59F48BF2E7E9AAC00DA0324 /* Sources */ = {
			isa = PBXSourcesBuildPhase;
			buildActionMask = 2147483647;
			files = (
			);
			runOnlyForDeploymentPostprocessing = 0;
		};
/* End PBXSourcesBuildPhase section */

/* Begin PBXTargetDependency section */
		B59F48BB2E7E9AAC00DA0324 /* PBXTargetDependency */ = {
			isa = PBXTargetDependency;
			target = B59F48AB2E7E9AAB00DA0324 /* yolo_distance */;
			targetProxy = B59F48BA2E7E9AAC00DA0324 /* PBXContainerItemProxy */;
		};
		B59F48C52E7E9AAC00DA0324 /* PBXTargetDependency */ = {
			isa = PBXTargetDependency;
			target = B59F48AB2E7E9AAB00DA0324 /* yolo_distance */;
			targetProxy = B59F48C42E7E9AAC00DA0324 /* PBXContainerItemProxy */;
		};
/* End PBXTargetDependency section */

/* Begin XCBuildConfiguration section */
		B59F48CB2E7E9AAC00DA0324 /* Debug */ = {
			isa = XCBuildConfiguration;
			buildSettings = {
				ALWAYS_SEARCH_USER_PATHS = NO;
				ASSETCATALOG_COMPILER_GENERATE_SWIFT_ASSET_SYMBOL_EXTENSIONS = YES;
				CLANG_ANALYZER_NONNULL = YES;
				CLANG_ANALYZER_NUMBER_OBJECT_CONVERSION = YES_AGGRESSIVE;
				CLANG_CXX_LANGUAGE_STANDARD = "gnu++20";
				CLANG_ENABLE_MODULES = YES;
				CLANG_ENABLE_OBJC_ARC = YES;
				CLANG_ENABLE_OBJC_WEAK = YES;
				CLANG_WARN_BLOCK_CAPTURE_AUTORELEASING = YES;
				CLANG_WARN_BOOL_CONVERSION = YES;
				CLANG_WARN_COMMA = YES;
				CLANG_WARN_CONSTANT_CONVERSION = YES;
				CLANG_WARN_DEPRECATED_OBJC_IMPLEMENTATIONS = YES;
				CLANG_WARN_DIRECT_OBJC_ISA_USAGE = YES_ERROR;
				CLANG_WARN_DOCUMENTATION_COMMENTS = YES;
				CLANG_WARN_EMPTY_BODY = YES;
				CLANG_WARN_ENUM_CONVERSION = YES;
				CLANG_WARN_INFINITE_RECURSION = YES;
				CLANG_WARN_INT_CONVERSION = YES;
				CLANG_WARN_NON_LITERAL_NULL_CONVERSION = YES;
				CLANG_WARN_OBJC_IMPLICIT_RETAIN_SELF = YES;
				CLANG_WARN_OBJC_LITERAL_CONVERSION = YES;
				CLANG_WARN_OBJC_ROOT_CLASS = YES_ERROR;
				CLANG_WARN_QUOTED_INCLUDE_IN_FRAMEWORK_HEADER = YES;
				CLANG_WARN_RANGE_LOOP_ANALYSIS = YES;
				CLANG_WARN_STRICT_PROTOTYPES = YES;
				CLANG_WARN_SUSPICIOUS_MOVE = YES;
				CLANG_WARN_UNGUARDED_AVAILABILITY = YES_AGGRESSIVE;
				CLANG_WARN_UNREACHABLE_CODE = YES;
				CLANG_WARN__DUPLICATE_METHOD_MATCH = YES;
				COPY_PHASE_STRIP = NO;
				DEBUG_INFORMATION_FORMAT = dwarf;
				DEVELOPMENT_TEAM = 9VDFFJM439;
				ENABLE_STRICT_OBJC_MSGSEND = YES;
				ENABLE_TESTABILITY = YES;
				ENABLE_USER_SCRIPT_SANDBOXING = YES;
				GCC_C_LANGUAGE_STANDARD = gnu17;
				GCC_DYNAMIC_NO_PIC = NO;
				GCC_NO_COMMON_BLOCKS = YES;
				GCC_OPTIMIZATION_LEVEL = 0;
				GCC_PREPROCESSOR_DEFINITIONS = (
					"DEBUG=1",
					"$(inherited)",
				);
				GCC_WARN_64_TO_32_BIT_CONVERSION = YES;
				GCC_WARN_ABOUT_RETURN_TYPE = YES_ERROR;
				GCC_WARN_UNDECLARED_SELECTOR = YES;
				GCC_WARN_UNINITIALIZED_AUTOS = YES_AGGRESSIVE;
				GCC_WARN_UNUSED_FUNCTION = YES;
				GCC_WARN_UNUSED_VARIABLE = YES;
				IPHONEOS_DEPLOYMENT_TARGET = 18.5;
				LOCALIZATION_PREFERS_STRING_CATALOGS = YES;
				MTL_ENABLE_DEBUG_INFO = INCLUDE_SOURCE;
				MTL_FAST_MATH = YES;
				ONLY_ACTIVE_ARCH = YES;
				SDKROOT = iphoneos;
				SWIFT_ACTIVE_COMPILATION_CONDITIONS = "DEBUG $(inherited)";
				SWIFT_OPTIMIZATION_LEVEL = "-Onone";
			};
			name = Debug;
		};
		B59F48CC2E7E9AAC00DA0324 /* Release */ = {
			isa = XCBuildConfiguration;
			buildSettings = {
				ALWAYS_SEARCH_USER_PATHS = NO;
				ASSETCATALOG_COMPILER_GENERATE_SWIFT_ASSET_SYMBOL_EXTENSIONS = YES;
				CLANG_ANALYZER_NONNULL = YES;
				CLANG_ANALYZER_NUMBER_OBJECT_CONVERSION = YES_AGGRESSIVE;
				CLANG_CXX_LANGUAGE_STANDARD = "gnu++20";
				CLANG_ENABLE_MODULES = YES;
				CLANG_ENABLE_OBJC_ARC = YES;
				CLANG_ENABLE_OBJC_WEAK = YES;
				CLANG_WARN_BLOCK_CAPTURE_AUTORELEASING = YES;
				CLANG_WARN_BOOL_CONVERSION = YES;
				CLANG_WARN_COMMA = YES;
				CLANG_WARN_CONSTANT_CONVERSION = YES;
				CLANG_WARN_DEPRECATED_OBJC_IMPLEMENTATIONS = YES;
				CLANG_WARN_DIRECT_OBJC_ISA_USAGE = YES_ERROR;
				CLANG_WARN_DOCUMENTATION_COMMENTS = YES;
				CLANG_WARN_EMPTY_BODY = YES;
				CLANG_WARN_ENUM_CONVERSION = YES;
				CLANG_WARN_INFINITE_RECURSION = YES;
				CLANG_WARN_INT_CONVERSION = YES;
				CLANG_WARN_NON_LITERAL_NULL_CONVERSION = YES;
				CLANG_WARN_OBJC_IMPLICIT_RETAIN_SELF = YES;
				CLANG_WARN_OBJC_LITERAL_CONVERSION = YES;
				CLANG_WARN_OBJC_ROOT_CLASS = YES_ERROR;
				CLANG_WARN_QUOTED_INCLUDE_IN_FRAMEWORK_HEADER = YES;
				CLANG_WARN_RANGE_LOOP_ANALYSIS = YES;
				CLANG_WARN_STRICT_PROTOTYPES = YES;
				CLANG_WARN_SUSPICIOUS_MOVE = YES;
				CLANG_WARN_UNGUARDED_AVAILABILITY = YES_AGGRESSIVE;
				CLANG_WARN_UNREACHABLE_CODE = YES;
				CLANG_WARN__DUPLICATE_METHOD_MATCH = YES;
				COPY_PHASE_STRIP = NO;
				DEBUG_INFORMATION_FORMAT = "dwarf-with-dsym";
				DEVELOPMENT_TEAM = 9VDFFJM439;
				ENABLE_NS_ASSERTIONS = NO;
				ENABLE_STRICT_OBJC_MSGSEND = YES;
				ENABLE_USER_SCRIPT_SANDBOXING = YES;
				GCC_C_LANGUAGE_STANDARD = gnu17;
				GCC_NO_COMMON_BLOCKS = YES;
				GCC_WARN_64_TO_32_BIT_CONVERSION = YES;
				GCC_WARN_ABOUT_RETURN_TYPE = YES_ERROR;
				GCC_WARN_UNDECLARED_SELECTOR = YES;
				GCC_WARN_UNINITIALIZED_AUTOS = YES_AGGRESSIVE;
				GCC_WARN_UNUSED_FUNCTION = YES;
				GCC_WARN_UNUSED_VARIABLE = YES;
				IPHONEOS_DEPLOYMENT_TARGET = 18.5;
				LOCALIZATION_PREFERS_STRING_CATALOGS = YES;
				MTL_ENABLE_DEBUG_INFO = NO;
				MTL_FAST_MATH = YES;
				SDKROOT = iphoneos;
				SWIFT_COMPILATION_MODE = wholemodule;
				VALIDATE_PRODUCT = YES;
			};
			name = Release;
		};
		B59F48CE2E7E9AAC00DA0324 /* Debug */ = {
			isa = XCBuildConfiguration;
			buildSettings = {
				ASSETCATALOG_COMPILER_APPICON_NAME = AppIcon;
				ASSETCATALOG_COMPILER_GLOBAL_ACCENT_COLOR_NAME = AccentColor;
				CODE_SIGN_STYLE = Automatic;
				CURRENT_PROJECT_VERSION = 1;
				DEVELOPMENT_TEAM = 9VDFFJM439;
				ENABLE_PREVIEWS = YES;
				GENERATE_INFOPLIST_FILE = YES;
				INFOPLIST_KEY_NSCameraUsageDescription = "$(MARKETING_VERSION)";
				INFOPLIST_KEY_UIApplicationSceneManifest_Generation = YES;
				INFOPLIST_KEY_UIApplicationSupportsIndirectInputEvents = YES;
				INFOPLIST_KEY_UILaunchScreen_Generation = YES;
				INFOPLIST_KEY_UISupportedInterfaceOrientations_iPad = "UIInterfaceOrientationPortrait UIInterfaceOrientationPortraitUpsideDown UIInterfaceOrientationLandscapeLeft UIInterfaceOrientationLandscapeRight";
				INFOPLIST_KEY_UISupportedInterfaceOrientations_iPhone = "UIInterfaceOrientationPortrait UIInterfaceOrientationLandscapeLeft UIInterfaceOrientationLandscapeRight";
				LD_RUNPATH_SEARCH_PATHS = (
					"$(inherited)",
					"@executable_path/Frameworks",
				);
				MARKETING_VERSION = 1.0;
				PRODUCT_BUNDLE_IDENTIFIER = "com.xuji.yolo-distance";
				PRODUCT_NAME = "$(TARGET_NAME)";
				SWIFT_EMIT_LOC_STRINGS = YES;
				SWIFT_VERSION = 5.0;
				TARGETED_DEVICE_FAMILY = "1,2";
			};
			name = Debug;
		};
		B59F48CF2E7E9AAC00DA0324 /* Release */ = {
			isa = XCBuildConfiguration;
			buildSettings = {
				ASSETCATALOG_COMPILER_APPICON_NAME = AppIcon;
				ASSETCATALOG_COMPILER_GLOBAL_ACCENT_COLOR_NAME = AccentColor;
				CODE_SIGN_STYLE = Automatic;
				CURRENT_PROJECT_VERSION = 1;
				DEVELOPMENT_TEAM = 9VDFFJM439;
				ENABLE_PREVIEWS = YES;
				GENERATE_INFOPLIST_FILE = YES;
				INFOPLIST_KEY_NSCameraUsageDescription = "$(MARKETING_VERSION)";
				INFOPLIST_KEY_UIApplicationSceneManifest_Generation = YES;
				INFOPLIST_KEY_UIApplicationSupportsIndirectInputEvents = YES;
				INFOPLIST_KEY_UILaunchScreen_Generation = YES;
				INFOPLIST_KEY_UISupportedInterfaceOrientations_iPad = "UIInterfaceOrientationPortrait UIInterfaceOrientationPortraitUpsideDown UIInterfaceOrientationLandscapeLeft UIInterfaceOrientationLandscapeRight";
				INFOPLIST_KEY_UISupportedInterfaceOrientations_iPhone = "UIInterfaceOrientationPortrait UIInterfaceOrientationLandscapeLeft UIInterfaceOrientationLandscapeRight";
				LD_RUNPATH_SEARCH_PATHS = (
					"$(inherited)",
					"@executable_path/Frameworks",
				);
				MARKETING_VERSION = 1.0;
				PRODUCT_BUNDLE_IDENTIFIER = "com.xuji.yolo-distance";
				PRODUCT_NAME = "$(TARGET_NAME)";
				SWIFT_EMIT_LOC_STRINGS = YES;
				SWIFT_VERSION = 5.0;
				TARGETED_DEVICE_FAMILY = "1,2";
			};
			name = Release;
		};
		B59F48D12E7E9AAC00DA0324 /* Debug */ = {
			isa = XCBuildConfiguration;
			buildSettings = {
				BUNDLE_LOADER = "$(TEST_HOST)";
				CODE_SIGN_STYLE = Automatic;
				CURRENT_PROJECT_VERSION = 1;
				DEVELOPMENT_TEAM = 9VDFFJM439;
				GENERATE_INFOPLIST_FILE = YES;
				IPHONEOS_DEPLOYMENT_TARGET = 18.5;
				MARKETING_VERSION = 1.0;
				PRODUCT_BUNDLE_IDENTIFIER = "com.xuji.yolo-distanceTests";
				PRODUCT_NAME = "$(TARGET_NAME)";
				SWIFT_EMIT_LOC_STRINGS = NO;
				SWIFT_VERSION = 5.0;
				TARGETED_DEVICE_FAMILY = "1,2";
				TEST_HOST = "$(BUILT_PRODUCTS_DIR)/yolo_distance.app/$(BUNDLE_EXECUTABLE_FOLDER_PATH)/yolo_distance";
			};
			name = Debug;
		};
		B59F48D22E7E9AAC00DA0324 /* Release */ = {
			isa = XCBuildConfiguration;
			buildSettings = {
				BUNDLE_LOADER = "$(TEST_HOST)";
				CODE_SIGN_STYLE = Automatic;
				CURRENT_PROJECT_VERSION = 1;
				DEVELOPMENT_TEAM = 9VDFFJM439;
				GENERATE_INFOPLIST_FILE = YES;
				IPHONEOS_DEPLOYMENT_TARGET = 18.5;
				MARKETING_VERSION = 1.0;
				PRODUCT_BUNDLE_IDENTIFIER = "com.xuji.yolo-distanceTests";
				PRODUCT_NAME = "$(TARGET_NAME)";
				SWIFT_EMIT_LOC_STRINGS = NO;
				SWIFT_VERSION = 5.0;
				TARGETED_DEVICE_FAMILY = "1,2";
				TEST_HOST = "$(BUILT_PRODUCTS_DIR)/yolo_distance.app/$(BUNDLE_EXECUTABLE_FOLDER_PATH)/yolo_distance";
			};
			name = Release;
		};
		B59F48D42E7E9AAC00DA0324 /* Debug */ = {
			isa = XCBuildConfiguration;
			buildSettings = {
				CODE_SIGN_STYLE = Automatic;
				CURRENT_PROJECT_VERSION = 1;
				DEVELOPMENT_TEAM = 9VDFFJM439;
				GENERATE_INFOPLIST_FILE = YES;
				MARKETING_VERSION = 1.0;
				PRODUCT_BUNDLE_IDENTIFIER = "com.xuji.yolo-distanceUITests";
				PRODUCT_NAME = "$(TARGET_NAME)";
				SWIFT_EMIT_LOC_STRINGS = NO;
				SWIFT_VERSION = 5.0;
				TARGETED_DEVICE_FAMILY = "1,2";
				TEST_TARGET_NAME = yolo_distance;
			};
			name = Debug;
		};
		B59F48D52E7E9AAC00DA0324 /* Release */ = {
			isa = XCBuildConfiguration;
			buildSettings = {
				CODE_SIGN_STYLE = Automatic;
				CURRENT_PROJECT_VERSION = 1;
				DEVELOPMENT_TEAM = 9VDFFJM439;
				GENERATE_INFOPLIST_FILE = YES;
				MARKETING_VERSION = 1.0;
				PRODUCT_BUNDLE_IDENTIFIER = "com.xuji.yolo-distanceUITests";
				PRODUCT_NAME = "$(TARGET_NAME)";
				SWIFT_EMIT_LOC_STRINGS = NO;
				SWIFT_VERSION = 5.0;
				TARGETED_DEVICE_FAMILY = "1,2";
				TEST_TARGET_NAME = yolo_distance;
			};
			name = Release;
		};
/* End XCBuildConfiguration section */

/* Begin XCConfigurationList section */
		B59F48A72E7E9AAB00DA0324 /* Build configuration list for PBXProject "yolo_distance" */ = {
			isa = XCConfigurationList;
			buildConfigurations = (
				B59F48CB2E7E9AAC00DA0324 /* Debug */,
				B59F48CC2E7E9AAC00DA0324 /* Release */,
			);
			defaultConfigurationIsVisible = 0;
			defaultConfigurationName = Release;
		};
		B59F48CD2E7E9AAC00DA0324 /* Build configuration list for PBXNativeTarget "yolo_distance" */ = {
			isa = XCConfigurationList;
			buildConfigurations = (
				B59F48CE2E7E9AAC00DA0324 /* Debug */,
				B59F48CF2E7E9AAC00DA0324 /* Release */,
			);
			defaultConfigurationIsVisible = 0;
			defaultConfigurationName = Release;
		};
		B59F48D02E7E9AAC00DA0324 /* Build configuration list for PBXNativeTarget "yolo_distanceTests" */ = {
			isa = XCConfigurationList;
			buildConfigurations = (
				B59F48D12E7E9AAC00DA0324 /* Debug */,
				B59F48D22E7E9AAC00DA0324 /* Release */,
			);
			defaultConfigurationIsVisible = 0;
			defaultConfigurationName = Release;
		};
		B59F48D32E7E9AAC00DA0324 /* Build configuration list for PBXNativeTarget "yolo_distanceUITests" */ = {
			isa = XCConfigurationList;
			buildConfigurations = (
				B59F48D42E7E9AAC00DA0324 /* Debug */,
				B59F48D52E7E9AAC00DA0324 /* Release */,
			);
			defaultConfigurationIsVisible = 0;
			defaultConfigurationName = Release;
		};
/* End XCConfigurationList section */
	};
	rootObject = B59F48A42E7E9AAB00DA0324 /* Project object */;
}
